Microsoft Visual Studio Solution File, Format Version 12.00
# Visual Studio Version 17
VisualStudioVersion = 17.5.2.0
MinimumVisualStudioVersion = 10.0.40219.1
Project("{FAE04EC0-301F-11D3-BF4B-00C04F79EFBC}") = "LoLCustomGameHelper", "LoLCustomGameHelper.csproj", "{9BE87040-6DEC-5F00-BD23-0BF39BF1A986}"
EndProject
Global
	GlobalSection(SolutionConfigurationPlatforms) = preSolution
		Debug|Any CPU = Debug|Any CPU
		Release|Any CPU = Release|Any CPU
	EndGlobalSection
	GlobalSection(ProjectConfigurationPlatforms) = postSolution
		{9BE87040-6DEC-5F00-BD23-0BF39BF1A986}.Debug|Any CPU.ActiveCfg = Debug|Any CPU
		{9BE87040-6DEC-5F00-BD23-0BF39BF1A986}.Debug|Any CPU.Build.0 = Debug|Any CPU
		{9BE87040-6DEC-5F00-BD23-0BF39BF1A986}.Release|Any CPU.ActiveCfg = Release|Any CPU
		{9BE87040-6DEC-5F00-BD23-0BF39BF1A986}.Release|Any CPU.Build.0 = Release|Any CPU
	EndGlobalSection
	GlobalSection(SolutionProperties) = preSolution
		HideSolutionNode = FALSE
	EndGlobalSection
	GlobalSection(ExtensibilityGlobals) = postSolution
		SolutionGuid = {919D2A32-1315-4E60-B9A7-E80C35DBE69D}
	EndGlobalSection
EndGlobal
